// !$*UTF8*$!
{
	archiveVersion = 1;
	classes = {
	};
	objectVersion = 48;
	objects = {

/* Begin PBXBuildFile section */
		22AD45A51FE2C1140078531F /* AppDelegate.swift in Sources */ = {isa = PBXBuildFile; fileRef = 22AD45A41FE2C1140078531F /* AppDelegate.swift */; };
		22AD45A71FE2C1140078531F /* ViewController.swift in Sources */ = {isa = PBXBuildFile; fileRef = 22AD45A61FE2C1140078531F /* ViewController.swift */; };
		22AD45AA1FE2C1140078531F /* Main.storyboard in Resources */ = {isa = PBXBuildFile; fileRef = 22AD45A81FE2C1140078531F /* Main.storyboard */; };
		22AD45AC1FE2C1140078531F /* Assets.xcassets in Resources */ = {isa = PBXBuildFile; fileRef = 22AD45AB1FE2C1140078531F /* Assets.xcassets */; };
		22AD45AF1FE2C1140078531F /* LaunchScreen.storyboard in Resources */ = {isa = PBXBuildFile; fileRef = 22AD45AD1FE2C1140078531F /* LaunchScreen.storyboard */; };
		22AD45BA1FE2C1140078531F /* Patron_FactoryTests.swift in Sources */ = {isa = PBXBuildFile; fileRef = 22AD45B91FE2C1140078531F /* Patron_FactoryTests.swift */; };
		22AD45C51FE2C1140078531F /* Patron_FactoryUITests.swift in Sources */ = {isa = PBXBuildFile; fileRef = 22AD45C41FE2C1140078531F /* Patron_FactoryUITests.swift */; };
/* End PBXBuildFile section */

/* Begin PBXContainerItemProxy section */
		22AD45B61FE2C1140078531F /* PBXContainerItemProxy */ = {
			isa = PBXContainerItemProxy;
			containerPortal = 22AD45991FE2C1140078531F /* Project object */;
			proxyType = 1;
			remoteGlobalIDString = 22AD45A01FE2C1140078531F;
			remoteInfo = "Patron-Factory";
		};
		22AD45C11FE2C1140078531F /* PBXContainerItemProxy */ = {
			isa = PBXContainerItemProxy;
			containerPortal = 22AD45991FE2C1140078531F /* Project object */;
			proxyType = 1;
			remoteGlobalIDString = 22AD45A01FE2C1140078531F;
			remoteInfo = "Patron-Factory";
		};
/* End PBXContainerItemProxy section */

/* Begin PBXFileReference section */
		22AD45A11FE2C1140078531F /* Patron-Factory.app */ = {isa = PBXFileReference; explicitFileType = wrapper.application; includeInIndex = 0; path = "Patron-Factory.app"; sourceTree = BUILT_PRODUCTS_DIR; };
		22AD45A41FE2C1140078531F /* AppDelegate.swift */ = {isa = PBXFileReference; lastKnownFileType = sourcecode.swift; path = AppDelegate.swift; sourceTree = "<group>"; };
		22AD45A61FE2C1140078531F /* ViewController.swift */ = {isa = PBXFileReference; lastKnownFileType = sourcecode.swift; path = ViewController.swift; sourceTree = "<group>"; };
		22AD45A91FE2C1140078531F /* Base */ = {isa = PBXFileReference; lastKnownFileType = file.storyboard; name = Base; path = Base.lproj/Main.storyboard; sourceTree = "<group>"; };
		22AD45AB1FE2C1140078531F /* Assets.xcassets */ = {isa = PBXFileReference; lastKnownFileType = folder.assetcatalog; path = Assets.xcassets; sourceTree = "<group>"; };
		22AD45AE1FE2C1140078531F /* Base */ = {isa = PBXFileReference; lastKnownFileType = file.storyboard; name = Base; path = Base.lproj/LaunchScreen.storyboard; sourceTree = "<group>"; };
		22AD45B01FE2C1140078531F /* Info.plist */ = {isa = PBXFileReference; lastKnownFileType = text.plist.xml; path = Info.plist; sourceTree = "<group>"; };
		22AD45B51FE2C1140078531F /* Patron-FactoryTests.xctest */ = {isa = PBXFileReference; explicitFileType = wrapper.cfbundle; includeInIndex = 0; path = "Patron-FactoryTests.xctest"; sourceTree = BUILT_PRODUCTS_DIR; };
		22AD45B91FE2C1140078531F /* Patron_FactoryTests.swift */ = {isa = PBXFileReference; lastKnownFileType = sourcecode.swift; path = Patron_FactoryTests.swift; sourceTree = "<group>"; };
		22AD45BB1FE2C1140078531F /* Info.plist */ = {isa = PBXFileReference; lastKnownFileType = text.plist.xml; path = Info.plist; sourceTree = "<group>"; };
		22AD45C01FE2C1140078531F /* Patron-FactoryUITests.xctest */ = {isa = PBXFileReference; explicitFileType = wrapper.cfbundle; includeInIndex = 0; path = "Patron-FactoryUITests.xctest"; sourceTree = BUILT_PRODUCTS_DIR; };
		22AD45C41FE2C1140078531F /* Patron_FactoryUITests.swift */ = {isa = PBXFileReference; lastKnownFileType = sourcecode.swift; path = Patron_FactoryUITests.swift; sourceTree = "<group>"; };
		22AD45C61FE2C1140078531F /* Info.plist */ = {isa = PBXFileReference; lastKnownFileType = text.plist.xml; path = Info.plist; sourceTree = "<group>"; };
/* End PBXFileReference section */

/* Begin PBXFrameworksBuildPhase section */
		22AD459E1FE2C1140078531F /* Frameworks */ = {
			isa = PBXFrameworksBuildPhase;
			buildActionMask = 2147483647;
			files = (
			);
			runOnlyForDeploymentPostprocessing = 0;
		};
		22AD45B21FE2C1140078531F /* Frameworks */ = {
			isa = PBXFrameworksBuildPhase;
			buildActionMask = 2147483647;
			files = (
			);
			runOnlyForDeploymentPostprocessing = 0;
		};
		22AD45BD1FE2C1140078531F /* Frameworks */ = {
			isa = PBXFrameworksBuildPhase;
			buildActionMask = 2147483647;
			files = (
			);
			runOnlyForDeploymentPostprocessing = 0;
		};
/* End PBXFrameworksBuildPhase section */

/* Begin PBXGroup section */
		22AD45981FE2C1140078531F = {
			isa = PBXGroup;
			children = (
				22AD45A31FE2C1140078531F /* Patron-Factory */,
				22AD45B81FE2C1140078531F /* Patron-FactoryTests */,
				22AD45C31FE2C1140078531F /* Patron-FactoryUITests */,
				22AD45A21FE2C1140078531F /* Products */,
			);
			sourceTree = "<group>";
		};
		22AD45A21FE2C1140078531F /* Products */ = {
			isa = PBXGroup;
			children = (
				22AD45A11FE2C1140078531F /* Patron-Factory.app */,
				22AD45B51FE2C1140078531F /* Patron-FactoryTests.xctest */,
				22AD45C01FE2C1140078531F /* Patron-FactoryUITests.xctest */,
			);
			name = Products;
			sourceTree = "<group>";
		};
		22AD45A31FE2C1140078531F /* Patron-Factory */ = {
			isa = PBXGroup;
			children = (
				22AD45A41FE2C1140078531F /* AppDelegate.swift */,
				22AD45A61FE2C1140078531F /* ViewController.swift */,
				22AD45A81FE2C1140078531F /* Main.storyboard */,
				22AD45AB1FE2C1140078531F /* Assets.xcassets */,
				22AD45AD1FE2C1140078531F /* LaunchScreen.storyboard */,
				22AD45B01FE2C1140078531F /* Info.plist */,
			);
			path = "Patron-Factory";
			sourceTree = "<group>";
		};
		22AD45B81FE2C1140078531F /* Patron-FactoryTests */ = {
			isa = PBXGroup;
			children = (
				22AD45B91FE2C1140078531F /* Patron_FactoryTests.swift */,
				22AD45BB1FE2C1140078531F /* Info.plist */,
			);
			path = "Patron-FactoryTests";
			sourceTree = "<group>";
		};
		22AD45C31FE2C1140078531F /* Patron-FactoryUITests */ = {
			isa = PBXGroup;
			children = (
				22AD45C41FE2C1140078531F /* Patron_FactoryUITests.swift */,
				22AD45C61FE2C1140078531F /* Info.plist */,
			);
			path = "Patron-FactoryUITests";
			sourceTree = "<group>";
		};
/* End PBXGroup section */

/* Begin PBXNativeTarget section */
		22AD45A01FE2C1140078531F /* Patron-Factory */ = {
			isa = PBXNativeTarget;
			buildConfigurationList = 22AD45C91FE2C1140078531F /* Build configuration list for PBXNativeTarget "Patron-Factory" */;
			buildPhases = (
				22AD459D1FE2C1140078531F /* Sources */,
				22AD459E1FE2C1140078531F /* Frameworks */,
				22AD459F1FE2C1140078531F /* Resources */,
			);
			buildRules = (
			);
			dependencies = (
			);
			name = "Patron-Factory";
			productName = "Patron-Factory";
			productReference = 22AD45A11FE2C1140078531F /* Patron-Factory.app */;
			productType = "com.apple.product-type.application";
		};
		22AD45B41FE2C1140078531F /* Patron-FactoryTests */ = {
			isa = PBXNativeTarget;
			buildConfigurationList = 22AD45CC1FE2C1140078531F /* Build configuration list for PBXNativeTarget "Patron-FactoryTests" */;
			buildPhases = (
				22AD45B11FE2C1140078531F /* Sources */,
				22AD45B21FE2C1140078531F /* Frameworks */,
				22AD45B31FE2C1140078531F /* Resources */,
			);
			buildRules = (
			);
			dependencies = (
				22AD45B71FE2C1140078531F /* PBXTargetDependency */,
			);
			name = "Patron-FactoryTests";
			productName = "Patron-FactoryTests";
			productReference = 22AD45B51FE2C1140078531F /* Patron-FactoryTests.xctest */;
			productType = "com.apple.product-type.bundle.unit-test";
		};
		22AD45BF1FE2C1140078531F /* Patron-FactoryUITests */ = {
			isa = PBXNativeTarget;
			buildConfigurationList = 22AD45CF1FE2C1140078531F /* Build configuration list for PBXNativeTarget "Patron-FactoryUITests" */;
			buildPhases = (
				22AD45BC1FE2C1140078531F /* Sources */,
				22AD45BD1FE2C1140078531F /* Frameworks */,
				22AD45BE1FE2C1140078531F /* Resources */,
			);
			buildRules = (
			);
			dependencies = (
				22AD45C21FE2C1140078531F /* PBXTargetDependency */,
			);
			name = "Patron-FactoryUITests";
			productName = "Patron-FactoryUITests";
			productReference = 22AD45C01FE2C1140078531F /* Patron-FactoryUITests.xctest */;
			productType = "com.apple.product-type.bundle.ui-testing";
		};
/* End PBXNativeTarget section */

/* Begin PBXProject section */
		22AD45991FE2C1140078531F /* Project object */ = {
			isa = PBXProject;
			attributes = {
				LastSwiftUpdateCheck = 0900;
				LastUpgradeCheck = 0900;
				ORGANIZATIONNAME = "Pablo Sanchez Gomez";
				TargetAttributes = {
					22AD45A01FE2C1140078531F = {
						CreatedOnToolsVersion = 9.0.1;
						ProvisioningStyle = Automatic;
					};
					22AD45B41FE2C1140078531F = {
						CreatedOnToolsVersion = 9.0.1;
						ProvisioningStyle = Automatic;
						TestTargetID = 22AD45A01FE2C1140078531F;
					};
					22AD45BF1FE2C1140078531F = {
						CreatedOnToolsVersion = 9.0.1;
						ProvisioningStyle = Automatic;
						TestTargetID = 22AD45A01FE2C1140078531F;
					};
				};
			};
			buildConfigurationList = 22AD459C1FE2C1140078531F /* Build configuration list for PBXProject "Patron-Factory" */;
			compatibilityVersion = "Xcode 8.0";
			developmentRegion = en;
			hasScannedForEncodings = 0;
			knownRegions = (
				en,
				Base,
			);
			mainGroup = 22AD45981FE2C1140078531F;
			productRefGroup = 22AD45A21FE2C1140078531F /* Products */;
			projectDirPath = "";
			projectRoot = "";
			targets = (
				22AD45A01FE2C1140078531F /* Patron-Factory */,
				22AD45B41FE2C1140078531F /* Patron-FactoryTests */,
				22AD45BF1FE2C1140078531F /* Patron-FactoryUITests */,
			);
		};
/* End PBXProject section */

/* Begin PBXResourcesBuildPhase section */
		22AD459F1FE2C1140078531F /* Resources */ = {
			isa = PBXResourcesBuildPhase;
			buildActionMask = 2147483647;
			files = (
				22AD45AF1FE2C1140078531F /* LaunchScreen.storyboard in Resources */,
				22AD45AC1FE2C1140078531F /* Assets.xcassets in Resources */,
				22AD45AA1FE2C1140078531F /* Main.storyboard in Resources */,
			);
			runOnlyForDeploymentPostprocessing = 0;
		};
		22AD45B31FE2C1140078531F /* Resources */ = {
			isa = PBXResourcesBuildPhase;
			buildActionMask = 2147483647;
			files = (
			);
			runOnlyForDeploymentPostprocessing = 0;
		};
		22AD45BE1FE2C1140078531F /* Resources */ = {
			isa = PBXResourcesBuildPhase;
			buildActionMask = 2147483647;
			files = (
			);
			runOnlyForDeploymentPostprocessing = 0;
		};
/* End PBXResourcesBuildPhase section */

/* Begin PBXSourcesBuildPhase section */
		22AD459D1FE2C1140078531F /* Sources */ = {
			isa = PBXSourcesBuildPhase;
			buildActionMask = 2147483647;
			files = (
				22AD45A71FE2C1140078531F /* ViewController.swift in Sources */,
				22AD45A51FE2C1140078531F /* AppDelegate.swift in Sources */,
			);
			runOnlyForDeploymentPostprocessing = 0;
		};
		22AD45B11FE2C1140078531F /* Sources */ = {
			isa = PBXSourcesBuildPhase;
			buildActionMask = 2147483647;
			files = (
				22AD45BA1FE2C1140078531F /* Patron_FactoryTests.swift in Sources */,
			);
			runOnlyForDeploymentPostprocessing = 0;
		};
		22AD45BC1FE2C1140078531F /* Sources */ = {
			isa = PBXSourcesBuildPhase;
			buildActionMask = 2147483647;
			files = (
				22AD45C51FE2C1140078531F /* Patron_FactoryUITests.swift in Sources */,
			);
			runOnlyForDeploymentPostprocessing = 0;
		};
/* End PBXSourcesBuildPhase section */

/* Begin PBXTargetDependency section */
		22AD45B71FE2C1140078531F /* PBXTargetDependency */ = {
			isa = PBXTargetDependency;
			target = 22AD45A01FE2C1140078531F /* Patron-Factory */;
			targetProxy = 22AD45B61FE2C1140078531F /* PBXContainerItemProxy */;
		};
		22AD45C21FE2C1140078531F /* PBXTargetDependency */ = {
			isa = PBXTargetDependency;
			target = 22AD45A01FE2C1140078531F /* Patron-Factory */;
			targetProxy = 22AD45C11FE2C1140078531F /* PBXContainerItemProxy */;
		};
/* End PBXTargetDependency section */

/* Begin PBXVariantGroup section */
		22AD45A81FE2C1140078531F /* Main.storyboard */ = {
			isa = PBXVariantGroup;
			children = (
				22AD45A91FE2C1140078531F /* Base */,
			);
			name = Main.storyboard;
			sourceTree = "<group>";
		};
		22AD45AD1FE2C1140078531F /* LaunchScreen.storyboard */ = {
			isa = PBXVariantGroup;
			children = (
				22AD45AE1FE2C1140078531F /* Base */,
			);
			name = LaunchScreen.storyboard;
			sourceTree = "<group>";
		};
/* End PBXVariantGroup section */

/* Begin XCBuildConfiguration section */
		22AD45C71FE2C1140078531F /* Debug */ = {
			isa = XCBuildConfiguration;
			buildSettings = {
				ALWAYS_SEARCH_USER_PATHS = NO;
				CLANG_ANALYZER_NONNULL = YES;
				CLANG_ANALYZER_NUMBER_OBJECT_CONVERSION = YES_AGGRESSIVE;
				CLANG_CXX_LANGUAGE_STANDARD = "gnu++14";
				CLANG_CXX_LIBRARY = "libc++";
				CLANG_ENABLE_MODULES = YES;
				CLANG_ENABLE_OBJC_ARC = YES;
				CLANG_WARN_BLOCK_CAPTURE_AUTORELEASING = YES;
				CLANG_WARN_BOOL_CONVERSION = YES;
				CLANG_WARN_COMMA = YES;
				CLANG_WARN_CONSTANT_CONVERSION = YES;
				CLANG_WARN_DIRECT_OBJC_ISA_USAGE = YES_ERROR;
				CLANG_WARN_DOCUMENTATION_COMMENTS = YES;
				CLANG_WARN_EMPTY_BODY = YES;
				CLANG_WARN_ENUM_CONVERSION = YES;
				CLANG_WARN_INFINITE_RECURSION = YES;
				CLANG_WARN_INT_CONVERSION = YES;
				CLANG_WARN_NON_LITERAL_NULL_CONVERSION = YES;
				CLANG_WARN_OBJC_LITERAL_CONVERSION = YES;
				CLANG_WARN_OBJC_ROOT_CLASS = YES_ERROR;
				CLANG_WARN_RANGE_LOOP_ANALYSIS = YES;
				CLANG_WARN_STRICT_PROTOTYPES = YES;
				CLANG_WARN_SUSPICIOUS_MOVE = YES;
				CLANG_WARN_UNGUARDED_AVAILABILITY = YES_AGGRESSIVE;
				CLANG_WARN_UNREACHABLE_CODE = YES;
				CLANG_WARN__DUPLICATE_METHOD_MATCH = YES;
				CODE_SIGN_IDENTITY = "iPhone Developer";
				COPY_PHASE_STRIP = NO;
				DEBUG_INFORMATION_FORMAT = dwarf;
				ENABLE_STRICT_OBJC_MSGSEND = YES;
				ENABLE_TESTABILITY = YES;
				GCC_C_LANGUAGE_STANDARD = gnu11;
				GCC_DYNAMIC_NO_PIC = NO;
				GCC_NO_COMMON_BLOCKS = YES;
				GCC_OPTIMIZATION_LEVEL = 0;
				GCC_PREPROCESSOR_DEFINITIONS = (
					"DEBUG=1",
					"$(inherited)",
				);
				GCC_WARN_64_TO_32_BIT_CONVERSION = YES;
				GCC_WARN_ABOUT_RETURN_TYPE = YES_ERROR;
				GCC_WARN_UNDECLARED_SELECTOR = YES;
				GCC_WARN_UNINITIALIZED_AUTOS = YES_AGGRESSIVE;
				GCC_WARN_UNUSED_FUNCTION = YES;
				GCC_WARN_UNUSED_VARIABLE = YES;
				IPHONEOS_DEPLOYMENT_TARGET = 11.0;
				MTL_ENABLE_DEBUG_INFO = YES;
				ONLY_ACTIVE_ARCH = YES;
				SDKROOT = iphoneos;
				SWIFT_ACTIVE_COMPILATION_CONDITIONS = DEBUG;
				SWIFT_OPTIMIZATION_LEVEL = "-Onone";
			};
			name = Debug;
		};
		22AD45C81FE2C1140078531F /* Release */ = {
			isa = XCBuildConfiguration;
			buildSettings = {
				ALWAYS_SEARCH_USER_PATHS = NO;
				CLANG_ANALYZER_NONNULL = YES;
				CLANG_ANALYZER_NUMBER_OBJECT_CONVERSION = YES_AGGRESSIVE;
				CLANG_CXX_LANGUAGE_STANDARD = "gnu++14";
				CLANG_CXX_LIBRARY = "libc++";
				CLANG_ENABLE_MODULES = YES;
				CLANG_ENABLE_OBJC_ARC = YES;
				CLANG_WARN_BLOCK_CAPTURE_AUTORELEASING = YES;
				CLANG_WARN_BOOL_CONVERSION = YES;
				CLANG_WARN_COMMA = YES;
				CLANG_WARN_CONSTANT_CONVERSION = YES;
				CLANG_WARN_DIRECT_OBJC_ISA_USAGE = YES_ERROR;
				CLANG_WARN_DOCUMENTATION_COMMENTS = YES;
				CLANG_WARN_EMPTY_BODY = YES;
				CLANG_WARN_ENUM_CONVERSION = YES;
				CLANG_WARN_INFINITE_RECURSION = YES;
				CLANG_WARN_INT_CONVERSION = YES;
				CLANG_WARN_NON_LITERAL_NULL_CONVERSION = YES;
				CLANG_WARN_OBJC_LITERAL_CONVERSION = YES;
				CLANG_WARN_OBJC_ROOT_CLASS = YES_ERROR;
				CLANG_WARN_RANGE_LOOP_ANALYSIS = YES;
				CLANG_WARN_STRICT_PROTOTYPES = YES;
				CLANG_WARN_SUSPICIOUS_MOVE = YES;
				CLANG_WARN_UNGUARDED_AVAILABILITY = YES_AGGRESSIVE;
				CLANG_WARN_UNREACHABLE_CODE = YES;
				CLANG_WARN__DUPLICATE_METHOD_MATCH = YES;
				CODE_SIGN_IDENTITY = "iPhone Developer";
				COPY_PHASE_STRIP = NO;
				DEBUG_INFORMATION_FORMAT = "dwarf-with-dsym";
				ENABLE_NS_ASSERTIONS = NO;
				ENABLE_STRICT_OBJC_MSGSEND = YES;
				GCC_C_LANGUAGE_STANDARD = gnu11;
				GCC_NO_COMMON_BLOCKS = YES;
				GCC_WARN_64_TO_32_BIT_CONVERSION = YES;
				GCC_WARN_ABOUT_RETURN_TYPE = YES_ERROR;
				GCC_WARN_UNDECLARED_SELECTOR = YES;
				GCC_WARN_UNINITIALIZED_AUTOS = YES_AGGRESSIVE;
				GCC_WARN_UNUSED_FUNCTION = YES;
				GCC_WARN_UNUSED_VARIABLE = YES;
				IPHONEOS_DEPLOYMENT_TARGET = 11.0;
				MTL_ENABLE_DEBUG_INFO = NO;
				SDKROOT = iphoneos;
				SWIFT_OPTIMIZATION_LEVEL = "-Owholemodule";
				VALIDATE_PRODUCT = YES;
			};
			name = Release;
		};
		22AD45CA1FE2C1140078531F /* Debug */ = {
			isa = XCBuildConfiguration;
			buildSettings = {
				ASSETCATALOG_COMPILER_APPICON_NAME = AppIcon;
				CODE_SIGN_STYLE = Automatic;
				DEVELOPMENT_TEAM = 44PHHA5D47;
				INFOPLIST_FILE = "Patron-Factory/Info.plist";
				LD_RUNPATH_SEARCH_PATHS = "$(inherited) @executable_path/Frameworks";
				PRODUCT_BUNDLE_IDENTIFIER = "learning.Patron-Factory";
				PRODUCT_NAME = "$(TARGET_NAME)";
				SWIFT_VERSION = 4.0;
				TARGETED_DEVICE_FAMILY = "1,2";
			};
			name = Debug;
		};
		22AD45CB1FE2C1140078531F /* Release */ = {
			isa = XCBuildConfiguration;
			buildSettings = {
				ASSETCATALOG_COMPILER_APPICON_NAME = AppIcon;
				CODE_SIGN_STYLE = Automatic;
				DEVELOPMENT_TEAM = 44PHHA5D47;
				INFOPLIST_FILE = "Patron-Factory/Info.plist";
				LD_RUNPATH_SEARCH_PATHS = "$(inherited) @executable_path/Frameworks";
				PRODUCT_BUNDLE_IDENTIFIER = "learning.Patron-Factory";
				PRODUCT_NAME = "$(TARGET_NAME)";
				SWIFT_VERSION = 4.0;
				TARGETED_DEVICE_FAMILY = "1,2";
			};
			name = Release;
		};
		22AD45CD1FE2C1140078531F /* Debug */ = {
			isa = XCBuildConfiguration;
			buildSettings = {
				ALWAYS_EMBED_SWIFT_STANDARD_LIBRARIES = YES;
				BUNDLE_LOADER = "$(TEST_HOST)";
				CODE_SIGN_STYLE = Automatic;
				DEVELOPMENT_TEAM = 44PHHA5D47;
				INFOPLIST_FILE = "Patron-FactoryTests/Info.plist";
				LD_RUNPATH_SEARCH_PATHS = "$(inherited) @executable_path/Frameworks @loader_path/Frameworks";
				PRODUCT_BUNDLE_IDENTIFIER = "learning.Patron-FactoryTests";
				PRODUCT_NAME = "$(TARGET_NAME)";
				SWIFT_VERSION = 4.0;
				TARGETED_DEVICE_FAMILY = "1,2";
				TEST_HOST = "$(BUILT_PRODUCTS_DIR)/Patron-Factory.app/Patron-Factory";
			};
			name = Debug;
		};
		22AD45CE1FE2C1140078531F /* Release */ = {
			isa = XCBuildConfiguration;
			buildSettings = {
				ALWAYS_EMBED_SWIFT_STANDARD_LIBRARIES = YES;
				BUNDLE_LOADER = "$(TEST_HOST)";
				CODE_SIGN_STYLE = Automatic;
				DEVELOPMENT_TEAM = 44PHHA5D47;
				INFOPLIST_FILE = "Patron-FactoryTests/Info.plist";
				LD_RUNPATH_SEARCH_PATHS = "$(inherited) @executable_path/Frameworks @loader_path/Frameworks";
				PRODUCT_BUNDLE_IDENTIFIER = "learning.Patron-FactoryTests";
				PRODUCT_NAME = "$(TARGET_NAME)";
				SWIFT_VERSION = 4.0;
				TARGETED_DEVICE_FAMILY = "1,2";
				TEST_HOST = "$(BUILT_PRODUCTS_DIR)/Patron-Factory.app/Patron-Factory";
			};
			name = Release;
		};
		22AD45D01FE2C1140078531F /* Debug */ = {
			isa = XCBuildConfiguration;
			buildSettings = {
				ALWAYS_EMBED_SWIFT_STANDARD_LIBRARIES = YES;
				CODE_SIGN_STYLE = Automatic;
				DEVELOPMENT_TEAM = 44PHHA5D47;
				INFOPLIST_FILE = "Patron-FactoryUITests/Info.plist";
				LD_RUNPATH_SEARCH_PATHS = "$(inherited) @executable_path/Frameworks @loader_path/Frameworks";
				PRODUCT_BUNDLE_IDENTIFIER = "learning.Patron-FactoryUITests";
				PRODUCT_NAME = "$(TARGET_NAME)";
				SWIFT_VERSION = 4.0;
				TARGETED_DEVICE_FAMILY = "1,2";
				TEST_TARGET_NAME = "Patron-Factory";
			};
			name = Debug;
		};
		22AD45D11FE2C1140078531F /* Release */ = {
			isa = XCBuildConfiguration;
			buildSettings = {
				ALWAYS_EMBED_SWIFT_STANDARD_LIBRARIES = YES;
				CODE_SIGN_STYLE = Automatic;
				DEVELOPMENT_TEAM = 44PHHA5D47;
				INFOPLIST_FILE = "Patron-FactoryUITests/Info.plist";
				LD_RUNPATH_SEARCH_PATHS = "$(inherited) @executable_path/Frameworks @loader_path/Frameworks";
				PRODUCT_BUNDLE_IDENTIFIER = "learning.Patron-FactoryUITests";
				PRODUCT_NAME = "$(TARGET_NAME)";
				SWIFT_VERSION = 4.0;
				TARGETED_DEVICE_FAMILY = "1,2";
				TEST_TARGET_NAME = "Patron-Factory";
			};
			name = Release;
		};
/* End XCBuildConfiguration section */

/* Begin XCConfigurationList section */
		22AD459C1FE2C1140078531F /* Build configuration list for PBXProject "Patron-Factory" */ = {
			isa = XCConfigurationList;
			buildConfigurations = (
				22AD45C71FE2C1140078531F /* Debug */,
				22AD45C81FE2C1140078531F /* Release */,
			);
			defaultConfigurationIsVisible = 0;
			defaultConfigurationName = Release;
		};
		22AD45C91FE2C1140078531F /* Build configuration list for PBXNativeTarget "Patron-Factory" */ = {
			isa = XCConfigurationList;
			buildConfigurations = (
				22AD45CA1FE2C1140078531F /* Debug */,
				22AD45CB1FE2C1140078531F /* Release */,
			);
			defaultConfigurationIsVisible = 0;
			defaultConfigurationName = Release;
		};
		22AD45CC1FE2C1140078531F /* Build configuration list for PBXNativeTarget "Patron-FactoryTests" */ = {
			isa = XCConfigurationList;
			buildConfigurations = (
				22AD45CD1FE2C1140078531F /* Debug */,
				22AD45CE1FE2C1140078531F /* Release */,
			);
			defaultConfigurationIsVisible = 0;
			defaultConfigurationName = Release;
		};
		22AD45CF1FE2C1140078531F /* Build configuration list for PBXNativeTarget "Patron-FactoryUITests" */ = {
			isa = XCConfigurationList;
			buildConfigurations = (
				22AD45D01FE2C1140078531F /* Debug */,
				22AD45D11FE2C1140078531F /* Release */,
			);
			defaultConfigurationIsVisible = 0;
			defaultConfigurationName = Release;
		};
/* End XCConfigurationList section */
	};
	rootObject = 22AD45991FE2C1140078531F /* Project object */;
}
